
Microsoft Visual Studio Solution File, Format Version 12.00
# Visual Studio Version 17
VisualStudioVersion = 17.4.33205.214
MinimumVisualStudioVersion = 10.0.40219.1
Project("{9A19103F-16F7-4668-BE54-9A1E7A4F7556}") = "storagebartenders", "storagebartenders\storagebartenders.csproj", "{EB694CD4-95CD-4AF7-85FB-955BCC4B0691}"
EndProject
Project("{FAE04EC0-301F-11D3-BF4B-00C04F79EFBC}") = "Sklad.Context", "Sklad.Context\Sklad.Context.csproj", "{981D39DD-3684-4A71-8AE0-20F1A02BCAE4}"
EndProject
Project("{FAE04EC0-301F-11D3-BF4B-00C04F79EFBC}") = "Sklad.Context.Contracts", "Sklad.Context.Contracts\Sklad.Context.Contracts.csproj", "{06ADA2D9-1643-47B7-AF1F-5CFC916484D7}"
EndProject
Global
	GlobalSection(SolutionConfigurationPlatforms) = preSolution
		Debug|Any CPU = Debug|Any CPU
		Release|Any CPU = Release|Any CPU
	EndGlobalSection
	GlobalSection(ProjectConfigurationPlatforms) = postSolution
		{EB694CD4-95CD-4AF7-85FB-955BCC4B0691}.Debug|Any CPU.ActiveCfg = Debug|Any CPU
		{EB694CD4-95CD-4AF7-85FB-955BCC4B0691}.Debug|Any CPU.Build.0 = Debug|Any CPU
		{EB694CD4-95CD-4AF7-85FB-955BCC4B0691}.Release|Any CPU.ActiveCfg = Release|Any CPU
		{EB694CD4-95CD-4AF7-85FB-955BCC4B0691}.Release|Any CPU.Build.0 = Release|Any CPU
		{981D39DD-3684-4A71-8AE0-20F1A02BCAE4}.Debug|Any CPU.ActiveCfg = Debug|Any CPU
		{981D39DD-3684-4A71-8AE0-20F1A02BCAE4}.Debug|Any CPU.Build.0 = Debug|Any CPU
		{981D39DD-3684-4A71-8AE0-20F1A02BCAE4}.Release|Any CPU.ActiveCfg = Release|Any CPU
		{981D39DD-3684-4A71-8AE0-20F1A02BCAE4}.Release|Any CPU.Build.0 = Release|Any CPU
		{06ADA2D9-1643-47B7-AF1F-5CFC916484D7}.Debug|Any CPU.ActiveCfg = Debug|Any CPU
		{06ADA2D9-1643-47B7-AF1F-5CFC916484D7}.Debug|Any CPU.Build.0 = Debug|Any CPU
		{06ADA2D9-1643-47B7-AF1F-5CFC916484D7}.Release|Any CPU.ActiveCfg = Release|Any CPU
		{06ADA2D9-1643-47B7-AF1F-5CFC916484D7}.Release|Any CPU.Build.0 = Release|Any CPU
	EndGlobalSection
	GlobalSection(SolutionProperties) = preSolution
		HideSolutionNode = FALSE
	EndGlobalSection
	GlobalSection(ExtensibilityGlobals) = postSolution
		SolutionGuid = {A8FDB51D-D2D1-4AC8-8AC0-733ED4FB3355}
	EndGlobalSection
EndGlobal
